
Microsoft Visual Studio Solution File, Format Version 12.00
# Visual Studio Version 16
VisualStudioVersion = 16.6.30114.105
MinimumVisualStudioVersion = 10.0.40219.1
Project("{9A19103F-16F7-4668-BE54-9A1E7A4F7556}") = "UnitTests", "UnitTests\UnitTests.csproj", "{E87B4F90-8D17-44E4-9E42-7F17FED9C69A}"
EndProject
Project("{2150E333-8FDC-42A3-9474-1A3956D46DE8}") = "Solution Items", "Solution Items", "{B3680FBA-3FA3-4A59-B501-92F20E5210E6}"
	ProjectSection(SolutionItems) = preProject
		.gitignore = .gitignore
		LoadOrder.txt = LoadOrder.txt
		Loclist.txt = Loclist.txt
		..\..\..\..\..\Program Files (x86)\Steam\steamapps\common\Valheim\BepInEx\LogOutput.log = ..\..\..\..\..\Program Files (x86)\Steam\steamapps\common\Valheim\BepInEx\LogOutput.log
		..\..\..\..\..\Program Files (x86)\Steam\steamapps\common\Valheim\BepInEx\OdinPlusRemake.Trace.log = ..\..\..\..\..\Program Files (x86)\Steam\steamapps\common\Valheim\BepInEx\OdinPlusRemake.Trace.log
		README.md = README.md
		todo.txt = todo.txt
	EndProjectSection
EndProject
Project("{FAE04EC0-301F-11D3-BF4B-00C04F79EFBC}") = "OdinPlusRemakeJVL", "OdinPlusRemakeJVL\OdinPlusRemakeJVL.csproj", "{2E0E03E4-7387-4D1B-B12F-01218DBB09EE}"
	ProjectSection(ProjectDependencies) = postProject
		{0F1B0C46-9F3A-437A-A6AB-BEEBB345A5B4} = {0F1B0C46-9F3A-437A-A6AB-BEEBB345A5B4}
	EndProjectSection
EndProject
Project("{FAE04EC0-301F-11D3-BF4B-00C04F79EFBC}") = "OdinPlus", "OdinPlus\OdinPlus.csproj", "{0F1B0C46-9F3A-437A-A6AB-BEEBB345A5B4}"
EndProject
Global
	GlobalSection(SolutionConfigurationPlatforms) = preSolution
		Debug|Any CPU = Debug|Any CPU
		Release|Any CPU = Release|Any CPU
	EndGlobalSection
	GlobalSection(ProjectConfigurationPlatforms) = postSolution
		{E87B4F90-8D17-44E4-9E42-7F17FED9C69A}.Debug|Any CPU.ActiveCfg = Debug|Any CPU
		{E87B4F90-8D17-44E4-9E42-7F17FED9C69A}.Release|Any CPU.ActiveCfg = Release|Any CPU
		{2E0E03E4-7387-4D1B-B12F-01218DBB09EE}.Debug|Any CPU.ActiveCfg = Debug|Any CPU
		{2E0E03E4-7387-4D1B-B12F-01218DBB09EE}.Debug|Any CPU.Build.0 = Debug|Any CPU
		{2E0E03E4-7387-4D1B-B12F-01218DBB09EE}.Release|Any CPU.ActiveCfg = Release|Any CPU
		{2E0E03E4-7387-4D1B-B12F-01218DBB09EE}.Release|Any CPU.Build.0 = Release|Any CPU
		{0F1B0C46-9F3A-437A-A6AB-BEEBB345A5B4}.Debug|Any CPU.ActiveCfg = Debug|Any CPU
		{0F1B0C46-9F3A-437A-A6AB-BEEBB345A5B4}.Debug|Any CPU.Build.0 = Debug|Any CPU
		{0F1B0C46-9F3A-437A-A6AB-BEEBB345A5B4}.Release|Any CPU.ActiveCfg = Release|Any CPU
		{0F1B0C46-9F3A-437A-A6AB-BEEBB345A5B4}.Release|Any CPU.Build.0 = Release|Any CPU
	EndGlobalSection
	GlobalSection(SolutionProperties) = preSolution
		HideSolutionNode = FALSE
	EndGlobalSection
	GlobalSection(ExtensibilityGlobals) = postSolution
		SolutionGuid = {6BAFB003-F524-4F81-87C6-6F17DB5EE7A1}
	EndGlobalSection
EndGlobal
